
Microsoft Visual Studio Solution File, Format Version 12.00
# Visual Studio Version 16
VisualStudioVersion = 16.0.30406.217
MinimumVisualStudioVersion = 10.0.40219.1
Project("{FAE04EC0-301F-11D3-BF4B-00C04F79EFBC}") = "SpecFlowProject1", "SpecFlowProject1.csproj", "{A81841BB-78C9-4730-B9E6-683166F615F2}"
EndProject
Global
	GlobalSection(SolutionConfigurationPlatforms) = preSolution
		Debug|Any CPU = Debug|Any CPU
		Release|Any CPU = Release|Any CPU
	EndGlobalSection
	GlobalSection(ProjectConfigurationPlatforms) = postSolution
		{A81841BB-78C9-4730-B9E6-683166F615F2}.Debug|Any CPU.ActiveCfg = Debug|Any CPU
		{A81841BB-78C9-4730-B9E6-683166F615F2}.Debug|Any CPU.Build.0 = Debug|Any CPU
		{A81841BB-78C9-4730-B9E6-683166F615F2}.Release|Any CPU.ActiveCfg = Release|Any CPU
		{A81841BB-78C9-4730-B9E6-683166F615F2}.Release|Any CPU.Build.0 = Release|Any CPU
	EndGlobalSection
	GlobalSection(SolutionProperties) = preSolution
		HideSolutionNode = FALSE
	EndGlobalSection
	GlobalSection(ExtensibilityGlobals) = postSolution
		SolutionGuid = {676FDAA7-ADA1-4839-A655-3E8E6EE79D43}
	EndGlobalSection
EndGlobal
